
Microsoft Visual Studio Solution File, Format Version 12.00
# Visual Studio Version 17
VisualStudioVersion = 17.11.35327.3
MinimumVisualStudioVersion = 10.0.40219.1
Project("{FAE04EC0-301F-11D3-BF4B-00C04F79EFBC}") = "ProjeYonetimTakipSistem", "ProjeYonetimTakipSistem.csproj", "{71F44786-7AE1-4C0B-8579-1E041CB892F4}"
EndProject
Global
	GlobalSection(SolutionConfigurationPlatforms) = preSolution
		Debug|Any CPU = Debug|Any CPU
		Release|Any CPU = Release|Any CPU
	EndGlobalSection
	GlobalSection(ProjectConfigurationPlatforms) = postSolution
		{71F44786-7AE1-4C0B-8579-1E041CB892F4}.Debug|Any CPU.ActiveCfg = Debug|Any CPU
		{71F44786-7AE1-4C0B-8579-1E041CB892F4}.Debug|Any CPU.Build.0 = Debug|Any CPU
		{71F44786-7AE1-4C0B-8579-1E041CB892F4}.Release|Any CPU.ActiveCfg = Release|Any CPU
		{71F44786-7AE1-4C0B-8579-1E041CB892F4}.Release|Any CPU.Build.0 = Release|Any CPU
	EndGlobalSection
	GlobalSection(SolutionProperties) = preSolution
		HideSolutionNode = FALSE
	EndGlobalSection
	GlobalSection(ExtensibilityGlobals) = postSolution
		SolutionGuid = {817F265B-7A9B-430A-B1E2-EBC9F9679005}
	EndGlobalSection
EndGlobal
